
Microsoft Visual Studio Solution File, Format Version 12.00
# Visual Studio Version 16
VisualStudioVersion = 16.0.30717.126
MinimumVisualStudioVersion = 10.0.40219.1
Project("{8BC9CEB8-8B4A-11D0-8D11-00A0C91BC942}") = "Intro", "Intro\Intro.vcxproj", "{B8045A7F-D4AF-4D81-B20D-2060171F4C89}"
EndProject
Project("{8BC9CEB8-8B4A-11D0-8D11-00A0C91BC942}") = "Point", "Point\Point.vcxproj", "{A6BBBB46-62B9-4735-8593-F7FA20D2E5EB}"
EndProject
Project("{8BC9CEB8-8B4A-11D0-8D11-00A0C91BC942}") = "Fractions", "Fractions\Fractions.vcxproj", "{7EEC55C8-3BD6-47A4-A324-2A16E6363409}"
EndProject
Project("{8BC9CEB8-8B4A-11D0-8D11-00A0C91BC942}") = "String", "String\String.vcxproj", "{3A02DB86-C50D-4C5C-9FA9-4117CF5E8F5A}"
EndProject
Project("{8BC9CEB8-8B4A-11D0-8D11-00A0C91BC942}") = "String_2", "String_2\String_2.vcxproj", "{9EF0D6DE-EBB9-41BE-954A-5CA3D3990C08}"
EndProject
Global
	GlobalSection(SolutionConfigurationPlatforms) = preSolution
		Debug|x64 = Debug|x64
		Debug|x86 = Debug|x86
		Release|x64 = Release|x64
		Release|x86 = Release|x86
	EndGlobalSection
	GlobalSection(ProjectConfigurationPlatforms) = postSolution
		{B8045A7F-D4AF-4D81-B20D-2060171F4C89}.Debug|x64.ActiveCfg = Debug|x64
		{B8045A7F-D4AF-4D81-B20D-2060171F4C89}.Debug|x64.Build.0 = Debug|x64
		{B8045A7F-D4AF-4D81-B20D-2060171F4C89}.Debug|x86.ActiveCfg = Debug|Win32
		{B8045A7F-D4AF-4D81-B20D-2060171F4C89}.Debug|x86.Build.0 = Debug|Win32
		{B8045A7F-D4AF-4D81-B20D-2060171F4C89}.Release|x64.ActiveCfg = Release|x64
		{B8045A7F-D4AF-4D81-B20D-2060171F4C89}.Release|x64.Build.0 = Release|x64
		{B8045A7F-D4AF-4D81-B20D-2060171F4C89}.Release|x86.ActiveCfg = Release|Win32
		{B8045A7F-D4AF-4D81-B20D-2060171F4C89}.Release|x86.Build.0 = Release|Win32
		{A6BBBB46-62B9-4735-8593-F7FA20D2E5EB}.Debug|x64.ActiveCfg = Debug|x64
		{A6BBBB46-62B9-4735-8593-F7FA20D2E5EB}.Debug|x64.Build.0 = Debug|x64
		{A6BBBB46-62B9-4735-8593-F7FA20D2E5EB}.Debug|x86.ActiveCfg = Debug|Win32
		{A6BBBB46-62B9-4735-8593-F7FA20D2E5EB}.Debug|x86.Build.0 = Debug|Win32
		{A6BBBB46-62B9-4735-8593-F7FA20D2E5EB}.Release|x64.ActiveCfg = Release|x64
		{A6BBBB46-62B9-4735-8593-F7FA20D2E5EB}.Release|x64.Build.0 = Release|x64
		{A6BBBB46-62B9-4735-8593-F7FA20D2E5EB}.Release|x86.ActiveCfg = Release|Win32
		{A6BBBB46-62B9-4735-8593-F7FA20D2E5EB}.Release|x86.Build.0 = Release|Win32
		{7EEC55C8-3BD6-47A4-A324-2A16E6363409}.Debug|x64.ActiveCfg = Debug|x64
		{7EEC55C8-3BD6-47A4-A324-2A16E6363409}.Debug|x64.Build.0 = Debug|x64
		{7EEC55C8-3BD6-47A4-A324-2A16E6363409}.Debug|x86.ActiveCfg = Debug|Win32
		{7EEC55C8-3BD6-47A4-A324-2A16E6363409}.Debug|x86.Build.0 = Debug|Win32
		{7EEC55C8-3BD6-47A4-A324-2A16E6363409}.Release|x64.ActiveCfg = Release|x64
		{7EEC55C8-3BD6-47A4-A324-2A16E6363409}.Release|x64.Build.0 = Release|x64
		{7EEC55C8-3BD6-47A4-A324-2A16E6363409}.Release|x86.ActiveCfg = Release|Win32
		{7EEC55C8-3BD6-47A4-A324-2A16E6363409}.Release|x86.Build.0 = Release|Win32
		{3A02DB86-C50D-4C5C-9FA9-4117CF5E8F5A}.Debug|x64.ActiveCfg = Debug|x64
		{3A02DB86-C50D-4C5C-9FA9-4117CF5E8F5A}.Debug|x64.Build.0 = Debug|x64
		{3A02DB86-C50D-4C5C-9FA9-4117CF5E8F5A}.Debug|x86.ActiveCfg = Debug|Win32
		{3A02DB86-C50D-4C5C-9FA9-4117CF5E8F5A}.Debug|x86.Build.0 = Debug|Win32
		{3A02DB86-C50D-4C5C-9FA9-4117CF5E8F5A}.Release|x64.ActiveCfg = Release|x64
		{3A02DB86-C50D-4C5C-9FA9-4117CF5E8F5A}.Release|x64.Build.0 = Release|x64
		{3A02DB86-C50D-4C5C-9FA9-4117CF5E8F5A}.Release|x86.ActiveCfg = Release|Win32
		{3A02DB86-C50D-4C5C-9FA9-4117CF5E8F5A}.Release|x86.Build.0 = Release|Win32
		{9EF0D6DE-EBB9-41BE-954A-5CA3D3990C08}.Debug|x64.ActiveCfg = Debug|x64
		{9EF0D6DE-EBB9-41BE-954A-5CA3D3990C08}.Debug|x64.Build.0 = Debug|x64
		{9EF0D6DE-EBB9-41BE-954A-5CA3D3990C08}.Debug|x86.ActiveCfg = Debug|Win32
		{9EF0D6DE-EBB9-41BE-954A-5CA3D3990C08}.Debug|x86.Build.0 = Debug|Win32
		{9EF0D6DE-EBB9-41BE-954A-5CA3D3990C08}.Release|x64.ActiveCfg = Release|x64
		{9EF0D6DE-EBB9-41BE-954A-5CA3D3990C08}.Release|x64.Build.0 = Release|x64
		{9EF0D6DE-EBB9-41BE-954A-5CA3D3990C08}.Release|x86.ActiveCfg = Release|Win32
		{9EF0D6DE-EBB9-41BE-954A-5CA3D3990C08}.Release|x86.Build.0 = Release|Win32
	EndGlobalSection
	GlobalSection(SolutionProperties) = preSolution
		HideSolutionNode = FALSE
	EndGlobalSection
	GlobalSection(ExtensibilityGlobals) = postSolution
		SolutionGuid = {ACC3056A-6517-4DA4-AD53-7A8E92DB546D}
	EndGlobalSection
EndGlobal
